// !$*UTF8*$!
{
	archiveVersion = 1;
	classes = {
	};
	objectVersion = 50;
	objects = {

/* Begin PBXBuildFile section */
		5448D09024DCA2EC00096B87 /* AppDelegate.swift in Sources */ = {isa = PBXBuildFile; fileRef = 5448D08F24DCA2EC00096B87 /* AppDelegate.swift */; };
		5448D09224DCA2EC00096B87 /* art.scnassets in Resources */ = {isa = PBXBuildFile; fileRef = 5448D09124DCA2EC00096B87 /* art.scnassets */; };
		5448D09424DCA2EC00096B87 /* ViewController.swift in Sources */ = {isa = PBXBuildFile; fileRef = 5448D09324DCA2EC00096B87 /* ViewController.swift */; };
		5448D09724DCA2EC00096B87 /* Main.storyboard in Resources */ = {isa = PBXBuildFile; fileRef = 5448D09524DCA2EC00096B87 /* Main.storyboard */; };
		5448D09924DCA2EE00096B87 /* Assets.xcassets in Resources */ = {isa = PBXBuildFile; fileRef = 5448D09824DCA2EE00096B87 /* Assets.xcassets */; };
		5448D09C24DCA2EE00096B87 /* LaunchScreen.storyboard in Resources */ = {isa = PBXBuildFile; fileRef = 5448D09A24DCA2EE00096B87 /* LaunchScreen.storyboard */; };
/* End PBXBuildFile section */

/* Begin PBXFileReference section */
		5448D08C24DCA2EC00096B87 /* PokeCard 3D.app */ = {isa = PBXFileReference; explicitFileType = wrapper.application; includeInIndex = 0; path = "PokeCard 3D.app"; sourceTree = BUILT_PRODUCTS_DIR; };
		5448D08F24DCA2EC00096B87 /* AppDelegate.swift */ = {isa = PBXFileReference; lastKnownFileType = sourcecode.swift; path = AppDelegate.swift; sourceTree = "<group>"; };
		5448D09124DCA2EC00096B87 /* art.scnassets */ = {isa = PBXFileReference; lastKnownFileType = wrapper.scnassets; path = art.scnassets; sourceTree = "<group>"; };
		5448D09324DCA2EC00096B87 /* ViewController.swift */ = {isa = PBXFileReference; lastKnownFileType = sourcecode.swift; path = ViewController.swift; sourceTree = "<group>"; };
		5448D09624DCA2EC00096B87 /* Base */ = {isa = PBXFileReference; lastKnownFileType = file.storyboard; name = Base; path = Base.lproj/Main.storyboard; sourceTree = "<group>"; };
		5448D09824DCA2EE00096B87 /* Assets.xcassets */ = {isa = PBXFileReference; lastKnownFileType = folder.assetcatalog; path = Assets.xcassets; sourceTree = "<group>"; };
		5448D09B24DCA2EE00096B87 /* Base */ = {isa = PBXFileReference; lastKnownFileType = file.storyboard; name = Base; path = Base.lproj/LaunchScreen.storyboard; sourceTree = "<group>"; };
		5448D09D24DCA2EE00096B87 /* Info.plist */ = {isa = PBXFileReference; lastKnownFileType = text.plist.xml; path = Info.plist; sourceTree = "<group>"; };
/* End PBXFileReference section */

/* Begin PBXFrameworksBuildPhase section */
		5448D08924DCA2EC00096B87 /* Frameworks */ = {
			isa = PBXFrameworksBuildPhase;
			buildActionMask = 2147483647;
			files = (
			);
			runOnlyForDeploymentPostprocessing = 0;
		};
/* End PBXFrameworksBuildPhase section */

/* Begin PBXGroup section */
		5448D08324DCA2EC00096B87 = {
			isa = PBXGroup;
			children = (
				5448D08E24DCA2EC00096B87 /* PokeCard 3D */,
				5448D08D24DCA2EC00096B87 /* Products */,
			);
			sourceTree = "<group>";
		};
		5448D08D24DCA2EC00096B87 /* Products */ = {
			isa = PBXGroup;
			children = (
				5448D08C24DCA2EC00096B87 /* PokeCard 3D.app */,
			);
			name = Products;
			sourceTree = "<group>";
		};
		5448D08E24DCA2EC00096B87 /* PokeCard 3D */ = {
			isa = PBXGroup;
			children = (
				5448D08F24DCA2EC00096B87 /* AppDelegate.swift */,
				5448D09124DCA2EC00096B87 /* art.scnassets */,
				5448D09324DCA2EC00096B87 /* ViewController.swift */,
				5448D09524DCA2EC00096B87 /* Main.storyboard */,
				5448D09824DCA2EE00096B87 /* Assets.xcassets */,
				5448D09A24DCA2EE00096B87 /* LaunchScreen.storyboard */,
				5448D09D24DCA2EE00096B87 /* Info.plist */,
			);
			path = "PokeCard 3D";
			sourceTree = "<group>";
		};
/* End PBXGroup section */

/* Begin PBXNativeTarget section */
		5448D08B24DCA2EC00096B87 /* PokeCard 3D */ = {
			isa = PBXNativeTarget;
			buildConfigurationList = 5448D0A024DCA2EE00096B87 /* Build configuration list for PBXNativeTarget "PokeCard 3D" */;
			buildPhases = (
				5448D08824DCA2EC00096B87 /* Sources */,
				5448D08924DCA2EC00096B87 /* Frameworks */,
				5448D08A24DCA2EC00096B87 /* Resources */,
			);
			buildRules = (
			);
			dependencies = (
			);
			name = "PokeCard 3D";
			productName = "PokeCard 3D";
			productReference = 5448D08C24DCA2EC00096B87 /* PokeCard 3D.app */;
			productType = "com.apple.product-type.application";
		};
/* End PBXNativeTarget section */

/* Begin PBXProject section */
		5448D08424DCA2EC00096B87 /* Project object */ = {
			isa = PBXProject;
			attributes = {
				LastSwiftUpdateCheck = 1150;
				LastUpgradeCheck = 1150;
				ORGANIZATIONNAME = "Harshil Ratnu";
				TargetAttributes = {
					5448D08B24DCA2EC00096B87 = {
						CreatedOnToolsVersion = 11.5;
					};
				};
			};
			buildConfigurationList = 5448D08724DCA2EC00096B87 /* Build configuration list for PBXProject "PokeCard 3D" */;
			compatibilityVersion = "Xcode 9.3";
			developmentRegion = en;
			hasScannedForEncodings = 0;
			knownRegions = (
				en,
				Base,
			);
			mainGroup = 5448D08324DCA2EC00096B87;
			productRefGroup = 5448D08D24DCA2EC00096B87 /* Products */;
			projectDirPath = "";
			projectRoot = "";
			targets = (
				5448D08B24DCA2EC00096B87 /* PokeCard 3D */,
			);
		};
/* End PBXProject section */

/* Begin PBXResourcesBuildPhase section */
		5448D08A24DCA2EC00096B87 /* Resources */ = {
			isa = PBXResourcesBuildPhase;
			buildActionMask = 2147483647;
			files = (
				5448D09224DCA2EC00096B87 /* art.scnassets in Resources */,
				5448D09C24DCA2EE00096B87 /* LaunchScreen.storyboard in Resources */,
				5448D09924DCA2EE00096B87 /* Assets.xcassets in Resources */,
				5448D09724DCA2EC00096B87 /* Main.storyboard in Resources */,
			);
			runOnlyForDeploymentPostprocessing = 0;
		};
/* End PBXResourcesBuildPhase section */

/* Begin PBXSourcesBuildPhase section */
		5448D08824DCA2EC00096B87 /* Sources */ = {
			isa = PBXSourcesBuildPhase;
			buildActionMask = 2147483647;
			files = (
				5448D09424DCA2EC00096B87 /* ViewController.swift in Sources */,
				5448D09024DCA2EC00096B87 /* AppDelegate.swift in Sources */,
			);
			runOnlyForDeploymentPostprocessing = 0;
		};
/* End PBXSourcesBuildPhase section */

/* Begin PBXVariantGroup section */
		5448D09524DCA2EC00096B87 /* Main.storyboard */ = {
			isa = PBXVariantGroup;
			children = (
				5448D09624DCA2EC00096B87 /* Base */,
			);
			name = Main.storyboard;
			sourceTree = "<group>";
		};
		5448D09A24DCA2EE00096B87 /* LaunchScreen.storyboard */ = {
			isa = PBXVariantGroup;
			children = (
				5448D09B24DCA2EE00096B87 /* Base */,
			);
			name = LaunchScreen.storyboard;
			sourceTree = "<group>";
		};
/* End PBXVariantGroup section */

/* Begin XCBuildConfiguration section */
		5448D09E24DCA2EE00096B87 /* Debug */ = {
			isa = XCBuildConfiguration;
			buildSettings = {
				ALWAYS_SEARCH_USER_PATHS = NO;
				CLANG_ANALYZER_NONNULL = YES;
				CLANG_ANALYZER_NUMBER_OBJECT_CONVERSION = YES_AGGRESSIVE;
				CLANG_CXX_LANGUAGE_STANDARD = "gnu++14";
				CLANG_CXX_LIBRARY = "libc++";
				CLANG_ENABLE_MODULES = YES;
				CLANG_ENABLE_OBJC_ARC = YES;
				CLANG_ENABLE_OBJC_WEAK = YES;
				CLANG_WARN_BLOCK_CAPTURE_AUTORELEASING = YES;
				CLANG_WARN_BOOL_CONVERSION = YES;
				CLANG_WARN_COMMA = YES;
				CLANG_WARN_CONSTANT_CONVERSION = YES;
				CLANG_WARN_DEPRECATED_OBJC_IMPLEMENTATIONS = YES;
				CLANG_WARN_DIRECT_OBJC_ISA_USAGE = YES_ERROR;
				CLANG_WARN_DOCUMENTATION_COMMENTS = YES;
				CLANG_WARN_EMPTY_BODY = YES;
				CLANG_WARN_ENUM_CONVERSION = YES;
				CLANG_WARN_INFINITE_RECURSION = YES;
				CLANG_WARN_INT_CONVERSION = YES;
				CLANG_WARN_NON_LITERAL_NULL_CONVERSION = YES;
				CLANG_WARN_OBJC_IMPLICIT_RETAIN_SELF = YES;
				CLANG_WARN_OBJC_LITERAL_CONVERSION = YES;
				CLANG_WARN_OBJC_ROOT_CLASS = YES_ERROR;
				CLANG_WARN_RANGE_LOOP_ANALYSIS = YES;
				CLANG_WARN_STRICT_PROTOTYPES = YES;
				CLANG_WARN_SUSPICIOUS_MOVE = YES;
				CLANG_WARN_UNGUARDED_AVAILABILITY = YES_AGGRESSIVE;
				CLANG_WARN_UNREACHABLE_CODE = YES;
				CLANG_WARN__DUPLICATE_METHOD_MATCH = YES;
				COPY_PHASE_STRIP = NO;
				DEBUG_INFORMATION_FORMAT = dwarf;
				ENABLE_STRICT_OBJC_MSGSEND = YES;
				ENABLE_TESTABILITY = YES;
				GCC_C_LANGUAGE_STANDARD = gnu11;
				GCC_DYNAMIC_NO_PIC = NO;
				GCC_NO_COMMON_BLOCKS = YES;
				GCC_OPTIMIZATION_LEVEL = 0;
				GCC_PREPROCESSOR_DEFINITIONS = (
					"DEBUG=1",
					"$(inherited)",
				);
				GCC_WARN_64_TO_32_BIT_CONVERSION = YES;
				GCC_WARN_ABOUT_RETURN_TYPE = YES_ERROR;
				GCC_WARN_UNDECLARED_SELECTOR = YES;
				GCC_WARN_UNINITIALIZED_AUTOS = YES_AGGRESSIVE;
				GCC_WARN_UNUSED_FUNCTION = YES;
				GCC_WARN_UNUSED_VARIABLE = YES;
				IPHONEOS_DEPLOYMENT_TARGET = 13.5;
				MTL_ENABLE_DEBUG_INFO = INCLUDE_SOURCE;
				MTL_FAST_MATH = YES;
				ONLY_ACTIVE_ARCH = YES;
				SDKROOT = iphoneos;
				SWIFT_ACTIVE_COMPILATION_CONDITIONS = DEBUG;
				SWIFT_OPTIMIZATION_LEVEL = "-Onone";
			};
			name = Debug;
		};
		5448D09F24DCA2EE00096B87 /* Release */ = {
			isa = XCBuildConfiguration;
			buildSettings = {
				ALWAYS_SEARCH_USER_PATHS = NO;
				CLANG_ANALYZER_NONNULL = YES;
				CLANG_ANALYZER_NUMBER_OBJECT_CONVERSION = YES_AGGRESSIVE;
				CLANG_CXX_LANGUAGE_STANDARD = "gnu++14";
				CLANG_CXX_LIBRARY = "libc++";
				CLANG_ENABLE_MODULES = YES;
				CLANG_ENABLE_OBJC_ARC = YES;
				CLANG_ENABLE_OBJC_WEAK = YES;
				CLANG_WARN_BLOCK_CAPTURE_AUTORELEASING = YES;
				CLANG_WARN_BOOL_CONVERSION = YES;
				CLANG_WARN_COMMA = YES;
				CLANG_WARN_CONSTANT_CONVERSION = YES;
				CLANG_WARN_DEPRECATED_OBJC_IMPLEMENTATIONS = YES;
				CLANG_WARN_DIRECT_OBJC_ISA_USAGE = YES_ERROR;
				CLANG_WARN_DOCUMENTATION_COMMENTS = YES;
				CLANG_WARN_EMPTY_BODY = YES;
				CLANG_WARN_ENUM_CONVERSION = YES;
				CLANG_WARN_INFINITE_RECURSION = YES;
				CLANG_WARN_INT_CONVERSION = YES;
				CLANG_WARN_NON_LITERAL_NULL_CONVERSION = YES;
				CLANG_WARN_OBJC_IMPLICIT_RETAIN_SELF = YES;
				CLANG_WARN_OBJC_LITERAL_CONVERSION = YES;
				CLANG_WARN_OBJC_ROOT_CLASS = YES_ERROR;
				CLANG_WARN_RANGE_LOOP_ANALYSIS = YES;
				CLANG_WARN_STRICT_PROTOTYPES = YES;
				CLANG_WARN_SUSPICIOUS_MOVE = YES;
				CLANG_WARN_UNGUARDED_AVAILABILITY = YES_AGGRESSIVE;
				CLANG_WARN_UNREACHABLE_CODE = YES;
				CLANG_WARN__DUPLICATE_METHOD_MATCH = YES;
				COPY_PHASE_STRIP = NO;
				DEBUG_INFORMATION_FORMAT = "dwarf-with-dsym";
				ENABLE_NS_ASSERTIONS = NO;
				ENABLE_STRICT_OBJC_MSGSEND = YES;
				GCC_C_LANGUAGE_STANDARD = gnu11;
				GCC_NO_COMMON_BLOCKS = YES;
				GCC_WARN_64_TO_32_BIT_CONVERSION = YES;
				GCC_WARN_ABOUT_RETURN_TYPE = YES_ERROR;
				GCC_WARN_UNDECLARED_SELECTOR = YES;
				GCC_WARN_UNINITIALIZED_AUTOS = YES_AGGRESSIVE;
				GCC_WARN_UNUSED_FUNCTION = YES;
				GCC_WARN_UNUSED_VARIABLE = YES;
				IPHONEOS_DEPLOYMENT_TARGET = 13.5;
				MTL_ENABLE_DEBUG_INFO = NO;
				MTL_FAST_MATH = YES;
				SDKROOT = iphoneos;
				SWIFT_COMPILATION_MODE = wholemodule;
				SWIFT_OPTIMIZATION_LEVEL = "-O";
				VALIDATE_PRODUCT = YES;
			};
			name = Release;
		};
		5448D0A124DCA2EE00096B87 /* Debug */ = {
			isa = XCBuildConfiguration;
			buildSettings = {
				ASSETCATALOG_COMPILER_APPICON_NAME = AppIcon;
				CODE_SIGN_STYLE = Automatic;
				DEVELOPMENT_TEAM = 7W632PTFSV;
				INFOPLIST_FILE = "PokeCard 3D/Info.plist";
				LD_RUNPATH_SEARCH_PATHS = (
					"$(inherited)",
					"@executable_path/Frameworks",
				);
				PRODUCT_BUNDLE_IDENTIFIER = "HRatnu.PokeCard-3D";
				PRODUCT_NAME = "$(TARGET_NAME)";
				SWIFT_VERSION = 5.0;
				TARGETED_DEVICE_FAMILY = "1,2";
			};
			name = Debug;
		};
		5448D0A224DCA2EE00096B87 /* Release */ = {
			isa = XCBuildConfiguration;
			buildSettings = {
				ASSETCATALOG_COMPILER_APPICON_NAME = AppIcon;
				CODE_SIGN_STYLE = Automatic;
				DEVELOPMENT_TEAM = 7W632PTFSV;
				INFOPLIST_FILE = "PokeCard 3D/Info.plist";
				LD_RUNPATH_SEARCH_PATHS = (
					"$(inherited)",
					"@executable_path/Frameworks",
				);
				PRODUCT_BUNDLE_IDENTIFIER = "HRatnu.PokeCard-3D";
				PRODUCT_NAME = "$(TARGET_NAME)";
				SWIFT_VERSION = 5.0;
				TARGETED_DEVICE_FAMILY = "1,2";
			};
			name = Release;
		};
/* End XCBuildConfiguration section */

/* Begin XCConfigurationList section */
		5448D08724DCA2EC00096B87 /* Build configuration list for PBXProject "PokeCard 3D" */ = {
			isa = XCConfigurationList;
			buildConfigurations = (
				5448D09E24DCA2EE00096B87 /* Debug */,
				5448D09F24DCA2EE00096B87 /* Release */,
			);
			defaultConfigurationIsVisible = 0;
			defaultConfigurationName = Release;
		};
		5448D0A024DCA2EE00096B87 /* Build configuration list for PBXNativeTarget "PokeCard 3D" */ = {
			isa = XCConfigurationList;
			buildConfigurations = (
				5448D0A124DCA2EE00096B87 /* Debug */,
				5448D0A224DCA2EE00096B87 /* Release */,
			);
			defaultConfigurationIsVisible = 0;
			defaultConfigurationName = Release;
		};
/* End XCConfigurationList section */
	};
	rootObject = 5448D08424DCA2EC00096B87 /* Project object */;
}
